<?xml version="1.0" encoding="UTF-8" standalone="yes" ?>
<CodeBlocks_project_file>
	<FileVersion major="1" minor="6" />
	<Project>
		<Option title="SeedCup" />
		<Option pch_mode="2" />
		<Option compiler="gcc" />
		<Build>
			<Target title="Debug">
				<Option output="bin/Debug/SeedCup" prefix_auto="1" extension_auto="1" />
				<Option object_output="obj/Debug/" />
				<Option type="1" />
				<Option compiler="gcc" />
				<Compiler>
					<Add option="-g" />
					<Add option="-std=c99 -I./include" />
				</Compiler>
				<Linker>
					<Add library="lib\cairo.lib" />
					<Add library="lib\libcairo.dll.a" />
					<Add library="lib\libregex.dll.a" />
					<Add library="lib\regex.lib" />
				</Linker>
			</Target>
			<Target title="Release">
				<Option output="bin/Release/SeedCup" prefix_auto="1" extension_auto="1" />
				<Option object_output="obj/Release/" />
				<Option type="1" />
				<Option compiler="gcc" />
				<Compiler>
					<Add option="-O2" />
					<Add option="-std=c99 -I./include" />
				</Compiler>
				<Linker>
					<Add option="-s" />
					<Add library="lib\cairo.lib" />
					<Add library="lib\libcairo.dll.a" />
					<Add library="lib\libregex.dll.a" />
					<Add library="lib\regex.lib" />
				</Linker>
			</Target>
		</Build>
		<Compiler>
			<Add option="-Wall" />
		</Compiler>
		<Unit filename="IO.c">
			<Option compilerVar="CC" />
		</Unit>
		<Unit filename="IO.h" />
		<Unit filename="SeedCup.c">
			<Option compilerVar="CC" />
		</Unit>
		<Unit filename="SeedCup.h" />
		<Unit filename="cssHandle.c">
			<Option compilerVar="CC" />
		</Unit>
		<Unit filename="cssHandle.h" />
		<Unit filename="draw.c">
			<Option compilerVar="CC" />
		</Unit>
		<Unit filename="draw.h" />
		<Unit filename="html2DOM.c">
			<Option compilerVar="CC" />
		</Unit>
		<Unit filename="html2DOM.h" />
		<Unit filename="htmlcss2RenderTree.c">
			<Option compilerVar="CC" />
		</Unit>
		<Unit filename="htmlcss2RenderTree.h" />
		<Extensions>
			<code_completion />
			<envvars />
			<debugger />
			<lib_finder disable_auto="1" />
			<DoxyBlocks>
				<comment_style block="0" line="0" />
				<doxyfile_project />
				<doxyfile_build />
				<doxyfile_warnings />
				<doxyfile_output />
				<doxyfile_dot />
				<general />
			</DoxyBlocks>
		</Extensions>
	</Project>
</CodeBlocks_project_file>
